// !$*UTF8*$!
{
	archiveVersion = 1;
	classes = {
	};
	objectVersion = 56;
	objects = {

/* Begin PBXBuildFile section */
		296547D32BC1CDA000753FFA /* Recommended.swift in Sources */ = {isa = PBXBuildFile; fileRef = 296547D22BC1CDA000753FFA /* Recommended.swift */; };
		8546CC102BC178F800673362 /* Popular.swift in Sources */ = {isa = PBXBuildFile; fileRef = 8546CC0F2BC178F800673362 /* Popular.swift */; };
		A21BC1012BC2174F00C8946A /* FeedViewModel.swift in Sources */ = {isa = PBXBuildFile; fileRef = A21BC1002BC2174F00C8946A /* FeedViewModel.swift */; };
		A21BC1032BC2178B00C8946A /* UserFollow.swift in Sources */ = {isa = PBXBuildFile; fileRef = A21BC1022BC2178B00C8946A /* UserFollow.swift */; };
		A21BC10C2BC3312900C8946A /* Config in Resources */ = {isa = PBXBuildFile; fileRef = A21BC10B2BC3312900C8946A /* Config */; };
		A2DB19FD2BB9DB010080E161 /* AnimeXApp.swift in Sources */ = {isa = PBXBuildFile; fileRef = A2DB19FC2BB9DB010080E161 /* AnimeXApp.swift */; };
		A2DB19FF2BB9DB010080E161 /* ContentView.swift in Sources */ = {isa = PBXBuildFile; fileRef = A2DB19FE2BB9DB010080E161 /* ContentView.swift */; };
		A2DB1A012BB9DB020080E161 /* Assets.xcassets in Resources */ = {isa = PBXBuildFile; fileRef = A2DB1A002BB9DB020080E161 /* Assets.xcassets */; };
		A2DB1A042BB9DB020080E161 /* Preview Assets.xcassets in Resources */ = {isa = PBXBuildFile; fileRef = A2DB1A032BB9DB020080E161 /* Preview Assets.xcassets */; };
		A2DB1A0E2BB9DB020080E161 /* AnimeXTests.swift in Sources */ = {isa = PBXBuildFile; fileRef = A2DB1A0D2BB9DB020080E161 /* AnimeXTests.swift */; };
		A2DB1A182BB9DB020080E161 /* AnimeXUITests.swift in Sources */ = {isa = PBXBuildFile; fileRef = A2DB1A172BB9DB020080E161 /* AnimeXUITests.swift */; };
		A2DB1A1A2BB9DB020080E161 /* AnimeXUITestsLaunchTests.swift in Sources */ = {isa = PBXBuildFile; fileRef = A2DB1A192BB9DB020080E161 /* AnimeXUITestsLaunchTests.swift */; };
		A2DB1A272BB9E3FF0080E161 /* README.md in Resources */ = {isa = PBXBuildFile; fileRef = A2DB1A262BB9E3FF0080E161 /* README.md */; };
		A2DB1A2B2BB9E4D30080E161 /* .gitignore in Resources */ = {isa = PBXBuildFile; fileRef = A2DB1A2A2BB9E4D30080E161 /* .gitignore */; };
		A2DB1A2E2BB9E58F0080E161 /* ParseSwift in Frameworks */ = {isa = PBXBuildFile; productRef = A2DB1A2D2BB9E58F0080E161 /* ParseSwift */; };
		A2DB1A332BB9EB090080E161 /* ParseFacebookUtilsiOS in Frameworks */ = {isa = PBXBuildFile; productRef = A2DB1A322BB9EB090080E161 /* ParseFacebookUtilsiOS */; };
		A2DB1A352BB9EB090080E161 /* ParseLiveQuery in Frameworks */ = {isa = PBXBuildFile; productRef = A2DB1A342BB9EB090080E161 /* ParseLiveQuery */; };
		A2DB1A412BBA07690080E161 /* User.swift in Sources */ = {isa = PBXBuildFile; fileRef = A2DB1A402BBA07690080E161 /* User.swift */; };
		A2DB1A432BBA082D0080E161 /* Post.swift in Sources */ = {isa = PBXBuildFile; fileRef = A2DB1A422BBA082D0080E161 /* Post.swift */; };
		A2DB1A452BBA0B0A0080E161 /* Comment.swift in Sources */ = {isa = PBXBuildFile; fileRef = A2DB1A442BBA0B0A0080E161 /* Comment.swift */; };
		A2DB1A4D2BBA1EEC0080E161 /* LoginView.swift in Sources */ = {isa = PBXBuildFile; fileRef = A2DB1A4C2BBA1EEC0080E161 /* LoginView.swift */; };
		A2DB1A512BBA1F780080E161 /* AuthManager.swift in Sources */ = {isa = PBXBuildFile; fileRef = A2DB1A502BBA1F780080E161 /* AuthManager.swift */; };
		A2DB1A522BBA1F780080E161 /* AuthManager.swift in Sources */ = {isa = PBXBuildFile; fileRef = A2DB1A502BBA1F780080E161 /* AuthManager.swift */; };
		A2DB1A532BBA1F780080E161 /* AuthManager.swift in Sources */ = {isa = PBXBuildFile; fileRef = A2DB1A502BBA1F780080E161 /* AuthManager.swift */; };
		A2DB1A552BBA3A710080E161 /* FeedView.swift in Sources */ = {isa = PBXBuildFile; fileRef = A2DB1A542BBA3A710080E161 /* FeedView.swift */; };
		A2DB1A562BBA3A710080E161 /* FeedView.swift in Sources */ = {isa = PBXBuildFile; fileRef = A2DB1A542BBA3A710080E161 /* FeedView.swift */; };
		A2DB1A572BBA3A710080E161 /* FeedView.swift in Sources */ = {isa = PBXBuildFile; fileRef = A2DB1A542BBA3A710080E161 /* FeedView.swift */; };
		A2DB1A592BBAE6FC0080E161 /* SignUpView.swift in Sources */ = {isa = PBXBuildFile; fileRef = A2DB1A582BBAE6FC0080E161 /* SignUpView.swift */; };
		A2DB1A5D2BBB28EE0080E161 /* MainView.swift in Sources */ = {isa = PBXBuildFile; fileRef = A2DB1A5C2BBB28EE0080E161 /* MainView.swift */; };
		A2DB1A5F2BBB29290080E161 /* PopularView.swift in Sources */ = {isa = PBXBuildFile; fileRef = A2DB1A5E2BBB29290080E161 /* PopularView.swift */; };
		A2DB1A612BBB30FD0080E161 /* PostView.swift in Sources */ = {isa = PBXBuildFile; fileRef = A2DB1A602BBB30FD0080E161 /* PostView.swift */; };
		A2DB1A632BBB31540080E161 /* RecommendedView.swift in Sources */ = {isa = PBXBuildFile; fileRef = A2DB1A622BBB31540080E161 /* RecommendedView.swift */; };
		A2DB1A652BBB32090080E161 /* ProfileView.swift in Sources */ = {isa = PBXBuildFile; fileRef = A2DB1A642BBB32090080E161 /* ProfileView.swift */; };
		A2DB1A682BBB5F2C0080E161 /* loginViewModel.swift in Sources */ = {isa = PBXBuildFile; fileRef = A2DB1A672BBB5F2C0080E161 /* loginViewModel.swift */; };
		A2DB1A6A2BBB62B70080E161 /* SignUpViewModel.swift in Sources */ = {isa = PBXBuildFile; fileRef = A2DB1A692BBB62B70080E161 /* SignUpViewModel.swift */; };
/* End PBXBuildFile section */

/* Begin PBXContainerItemProxy section */
		A2DB1A0A2BB9DB020080E161 /* PBXContainerItemProxy */ = {
			isa = PBXContainerItemProxy;
			containerPortal = A2DB19F12BB9DB010080E161 /* Project object */;
			proxyType = 1;
			remoteGlobalIDString = A2DB19F82BB9DB010080E161;
			remoteInfo = AnimeX;
		};
		A2DB1A142BB9DB020080E161 /* PBXContainerItemProxy */ = {
			isa = PBXContainerItemProxy;
			containerPortal = A2DB19F12BB9DB010080E161 /* Project object */;
			proxyType = 1;
			remoteGlobalIDString = A2DB19F82BB9DB010080E161;
			remoteInfo = AnimeX;
		};
/* End PBXContainerItemProxy section */

/* Begin PBXFileReference section */
		296547D22BC1CDA000753FFA /* Recommended.swift */ = {isa = PBXFileReference; lastKnownFileType = sourcecode.swift; path = Recommended.swift; sourceTree = "<group>"; };
		8546CC0F2BC178F800673362 /* Popular.swift */ = {isa = PBXFileReference; lastKnownFileType = sourcecode.swift; path = Popular.swift; sourceTree = "<group>"; };
		A21BC1002BC2174F00C8946A /* FeedViewModel.swift */ = {isa = PBXFileReference; lastKnownFileType = sourcecode.swift; name = FeedViewModel.swift; path = AnimeX/ViewModels/FeedViewModel.swift; sourceTree = SOURCE_ROOT; };
		A21BC1022BC2178B00C8946A /* UserFollow.swift */ = {isa = PBXFileReference; lastKnownFileType = sourcecode.swift; path = UserFollow.swift; sourceTree = "<group>"; };
		A21BC10B2BC3312900C8946A /* Config */ = {isa = PBXFileReference; lastKnownFileType = folder; path = Config; sourceTree = "<group>"; };
		A2DB19F92BB9DB010080E161 /* AnimeX.app */ = {isa = PBXFileReference; explicitFileType = wrapper.application; includeInIndex = 0; path = AnimeX.app; sourceTree = BUILT_PRODUCTS_DIR; };
		A2DB19FC2BB9DB010080E161 /* AnimeXApp.swift */ = {isa = PBXFileReference; lastKnownFileType = sourcecode.swift; path = AnimeXApp.swift; sourceTree = "<group>"; };
		A2DB19FE2BB9DB010080E161 /* ContentView.swift */ = {isa = PBXFileReference; lastKnownFileType = sourcecode.swift; path = ContentView.swift; sourceTree = "<group>"; };
		A2DB1A002BB9DB020080E161 /* Assets.xcassets */ = {isa = PBXFileReference; lastKnownFileType = folder.assetcatalog; path = Assets.xcassets; sourceTree = "<group>"; };
		A2DB1A032BB9DB020080E161 /* Preview Assets.xcassets */ = {isa = PBXFileReference; lastKnownFileType = folder.assetcatalog; path = "Preview Assets.xcassets"; sourceTree = "<group>"; };
		A2DB1A092BB9DB020080E161 /* AnimeXTests.xctest */ = {isa = PBXFileReference; explicitFileType = wrapper.cfbundle; includeInIndex = 0; path = AnimeXTests.xctest; sourceTree = BUILT_PRODUCTS_DIR; };
		A2DB1A0D2BB9DB020080E161 /* AnimeXTests.swift */ = {isa = PBXFileReference; lastKnownFileType = sourcecode.swift; path = AnimeXTests.swift; sourceTree = "<group>"; };
		A2DB1A132BB9DB020080E161 /* AnimeXUITests.xctest */ = {isa = PBXFileReference; explicitFileType = wrapper.cfbundle; includeInIndex = 0; path = AnimeXUITests.xctest; sourceTree = BUILT_PRODUCTS_DIR; };
		A2DB1A172BB9DB020080E161 /* AnimeXUITests.swift */ = {isa = PBXFileReference; lastKnownFileType = sourcecode.swift; path = AnimeXUITests.swift; sourceTree = "<group>"; };
		A2DB1A192BB9DB020080E161 /* AnimeXUITestsLaunchTests.swift */ = {isa = PBXFileReference; lastKnownFileType = sourcecode.swift; path = AnimeXUITestsLaunchTests.swift; sourceTree = "<group>"; };
		A2DB1A262BB9E3FF0080E161 /* README.md */ = {isa = PBXFileReference; fileEncoding = 4; lastKnownFileType = net.daringfireball.markdown; path = README.md; sourceTree = "<group>"; };
		A2DB1A2A2BB9E4D30080E161 /* .gitignore */ = {isa = PBXFileReference; fileEncoding = 4; lastKnownFileType = text; path = .gitignore; sourceTree = "<group>"; };
		A2DB1A3B2BB9F48B0080E161 /* Info.plist */ = {isa = PBXFileReference; lastKnownFileType = text.plist; path = Info.plist; sourceTree = "<group>"; };
		A2DB1A402BBA07690080E161 /* User.swift */ = {isa = PBXFileReference; lastKnownFileType = sourcecode.swift; path = User.swift; sourceTree = "<group>"; };
		A2DB1A422BBA082D0080E161 /* Post.swift */ = {isa = PBXFileReference; lastKnownFileType = sourcecode.swift; path = Post.swift; sourceTree = "<group>"; };
		A2DB1A442BBA0B0A0080E161 /* Comment.swift */ = {isa = PBXFileReference; lastKnownFileType = sourcecode.swift; path = Comment.swift; sourceTree = "<group>"; };
		A2DB1A4C2BBA1EEC0080E161 /* LoginView.swift */ = {isa = PBXFileReference; lastKnownFileType = sourcecode.swift; path = LoginView.swift; sourceTree = "<group>"; };
		A2DB1A502BBA1F780080E161 /* AuthManager.swift */ = {isa = PBXFileReference; lastKnownFileType = sourcecode.swift; path = AuthManager.swift; sourceTree = "<group>"; };
		A2DB1A542BBA3A710080E161 /* FeedView.swift */ = {isa = PBXFileReference; lastKnownFileType = sourcecode.swift; path = FeedView.swift; sourceTree = "<group>"; };
		A2DB1A582BBAE6FC0080E161 /* SignUpView.swift */ = {isa = PBXFileReference; lastKnownFileType = sourcecode.swift; path = SignUpView.swift; sourceTree = "<group>"; };
		A2DB1A5C2BBB28EE0080E161 /* MainView.swift */ = {isa = PBXFileReference; lastKnownFileType = sourcecode.swift; path = MainView.swift; sourceTree = "<group>"; };
		A2DB1A5E2BBB29290080E161 /* PopularView.swift */ = {isa = PBXFileReference; lastKnownFileType = sourcecode.swift; path = PopularView.swift; sourceTree = "<group>"; };
		A2DB1A602BBB30FD0080E161 /* PostView.swift */ = {isa = PBXFileReference; lastKnownFileType = sourcecode.swift; path = PostView.swift; sourceTree = "<group>"; };
		A2DB1A622BBB31540080E161 /* RecommendedView.swift */ = {isa = PBXFileReference; lastKnownFileType = sourcecode.swift; path = RecommendedView.swift; sourceTree = "<group>"; };
		A2DB1A642BBB32090080E161 /* ProfileView.swift */ = {isa = PBXFileReference; lastKnownFileType = sourcecode.swift; path = ProfileView.swift; sourceTree = "<group>"; };
		A2DB1A672BBB5F2C0080E161 /* loginViewModel.swift */ = {isa = PBXFileReference; lastKnownFileType = sourcecode.swift; path = loginViewModel.swift; sourceTree = "<group>"; };
		A2DB1A692BBB62B70080E161 /* SignUpViewModel.swift */ = {isa = PBXFileReference; lastKnownFileType = sourcecode.swift; path = SignUpViewModel.swift; sourceTree = "<group>"; };
/* End PBXFileReference section */

/* Begin PBXFrameworksBuildPhase section */
		A2DB19F62BB9DB010080E161 /* Frameworks */ = {
			isa = PBXFrameworksBuildPhase;
			buildActionMask = 2147483647;
			files = (
				A2DB1A332BB9EB090080E161 /* ParseFacebookUtilsiOS in Frameworks */,
				A2DB1A352BB9EB090080E161 /* ParseLiveQuery in Frameworks */,
				A2DB1A2E2BB9E58F0080E161 /* ParseSwift in Frameworks */,
			);
			runOnlyForDeploymentPostprocessing = 0;
		};
		A2DB1A062BB9DB020080E161 /* Frameworks */ = {
			isa = PBXFrameworksBuildPhase;
			buildActionMask = 2147483647;
			files = (
			);
			runOnlyForDeploymentPostprocessing = 0;
		};
		A2DB1A102BB9DB020080E161 /* Frameworks */ = {
			isa = PBXFrameworksBuildPhase;
			buildActionMask = 2147483647;
			files = (
			);
			runOnlyForDeploymentPostprocessing = 0;
		};
/* End PBXFrameworksBuildPhase section */

/* Begin PBXGroup section */
		A21BC1062BC32ED300C8946A /* Recovered References */ = {
			isa = PBXGroup;
			children = (
			);
			name = "Recovered References";
			sourceTree = "<group>";
		};
		A21BC1072BC3305C00C8946A /* ViewModels */ = {
			isa = PBXGroup;
			children = (
				A21BC1002BC2174F00C8946A /* FeedViewModel.swift */,
			);
			path = ViewModels;
			sourceTree = "<group>";
		};
		A2DB19F02BB9DB010080E161 = {
			isa = PBXGroup;
			children = (
				A2DB1A2A2BB9E4D30080E161 /* .gitignore */,
				A2DB1A262BB9E3FF0080E161 /* README.md */,
				A2DB19FB2BB9DB010080E161 /* AnimeX */,
				A2DB1A0C2BB9DB020080E161 /* AnimeXTests */,
				A2DB1A162BB9DB020080E161 /* AnimeXUITests */,
				A2DB19FA2BB9DB010080E161 /* Products */,
				A21BC1062BC32ED300C8946A /* Recovered References */,
			);
			sourceTree = "<group>";
		};
		A2DB19FA2BB9DB010080E161 /* Products */ = {
			isa = PBXGroup;
			children = (
				A2DB19F92BB9DB010080E161 /* AnimeX.app */,
				A2DB1A092BB9DB020080E161 /* AnimeXTests.xctest */,
				A2DB1A132BB9DB020080E161 /* AnimeXUITests.xctest */,
			);
			name = Products;
			sourceTree = "<group>";
		};
		A2DB19FB2BB9DB010080E161 /* AnimeX */ = {
			isa = PBXGroup;
			children = (
				A21BC10B2BC3312900C8946A /* Config */,
				A2DB1A472BBA1E990080E161 /* Authentication */,
				A2DB1A3F2BBA07520080E161 /* Models */,
				A2DB1A462BBA1E5C0080E161 /* Views */,
				A21BC1072BC3305C00C8946A /* ViewModels */,
				A2DB1A3B2BB9F48B0080E161 /* Info.plist */,
				A2DB19FC2BB9DB010080E161 /* AnimeXApp.swift */,
				A2DB19FE2BB9DB010080E161 /* ContentView.swift */,
				A2DB1A002BB9DB020080E161 /* Assets.xcassets */,
				A2DB1A022BB9DB020080E161 /* Preview Content */,
			);
			path = AnimeX;
			sourceTree = "<group>";
		};
		A2DB1A022BB9DB020080E161 /* Preview Content */ = {
			isa = PBXGroup;
			children = (
				A2DB1A032BB9DB020080E161 /* Preview Assets.xcassets */,
			);
			path = "Preview Content";
			sourceTree = "<group>";
		};
		A2DB1A0C2BB9DB020080E161 /* AnimeXTests */ = {
			isa = PBXGroup;
			children = (
				A2DB1A0D2BB9DB020080E161 /* AnimeXTests.swift */,
			);
			path = AnimeXTests;
			sourceTree = "<group>";
		};
		A2DB1A162BB9DB020080E161 /* AnimeXUITests */ = {
			isa = PBXGroup;
			children = (
				A2DB1A172BB9DB020080E161 /* AnimeXUITests.swift */,
				A2DB1A192BB9DB020080E161 /* AnimeXUITestsLaunchTests.swift */,
			);
			path = AnimeXUITests;
			sourceTree = "<group>";
		};
		A2DB1A3F2BBA07520080E161 /* Models */ = {
			isa = PBXGroup;
			children = (
				A2DB1A402BBA07690080E161 /* User.swift */,
				A2DB1A422BBA082D0080E161 /* Post.swift */,
				A2DB1A442BBA0B0A0080E161 /* Comment.swift */,
				8546CC0F2BC178F800673362 /* Popular.swift */,
				296547D22BC1CDA000753FFA /* Recommended.swift */,
				A21BC1022BC2178B00C8946A /* UserFollow.swift */,
			);
			path = Models;
			sourceTree = "<group>";
		};
		A2DB1A462BBA1E5C0080E161 /* Views */ = {
			isa = PBXGroup;
			children = (
				A2DB1A542BBA3A710080E161 /* FeedView.swift */,
				A2DB1A5C2BBB28EE0080E161 /* MainView.swift */,
				A2DB1A5E2BBB29290080E161 /* PopularView.swift */,
				A2DB1A602BBB30FD0080E161 /* PostView.swift */,
				A2DB1A622BBB31540080E161 /* RecommendedView.swift */,
				A2DB1A642BBB32090080E161 /* ProfileView.swift */,
			);
			path = Views;
			sourceTree = "<group>";
		};
		A2DB1A472BBA1E990080E161 /* Authentication */ = {
			isa = PBXGroup;
			children = (
				A2DB1A6C2BBB66BE0080E161 /* ViewModels */,
				A2DB1A6B2BBB66A50080E161 /* Views */,
				A2DB1A502BBA1F780080E161 /* AuthManager.swift */,
			);
			path = Authentication;
			sourceTree = "<group>";
		};
		A2DB1A6B2BBB66A50080E161 /* Views */ = {
			isa = PBXGroup;
			children = (
				A2DB1A4C2BBA1EEC0080E161 /* LoginView.swift */,
				A2DB1A582BBAE6FC0080E161 /* SignUpView.swift */,
			);
			path = Views;
			sourceTree = "<group>";
		};
		A2DB1A6C2BBB66BE0080E161 /* ViewModels */ = {
			isa = PBXGroup;
			children = (
				A2DB1A692BBB62B70080E161 /* SignUpViewModel.swift */,
				A2DB1A672BBB5F2C0080E161 /* loginViewModel.swift */,
			);
			path = ViewModels;
			sourceTree = "<group>";
		};
/* End PBXGroup section */

/* Begin PBXNativeTarget section */
		A2DB19F82BB9DB010080E161 /* AnimeX */ = {
			isa = PBXNativeTarget;
			buildConfigurationList = A2DB1A1D2BB9DB020080E161 /* Build configuration list for PBXNativeTarget "AnimeX" */;
			buildPhases = (
				A2DB19F52BB9DB010080E161 /* Sources */,
				A2DB19F62BB9DB010080E161 /* Frameworks */,
				A2DB19F72BB9DB010080E161 /* Resources */,
			);
			buildRules = (
			);
			dependencies = (
			);
			name = AnimeX;
			packageProductDependencies = (
				A2DB1A2D2BB9E58F0080E161 /* ParseSwift */,
				A2DB1A322BB9EB090080E161 /* ParseFacebookUtilsiOS */,
				A2DB1A342BB9EB090080E161 /* ParseLiveQuery */,
			);
			productName = AnimeX;
			productReference = A2DB19F92BB9DB010080E161 /* AnimeX.app */;
			productType = "com.apple.product-type.application";
		};
		A2DB1A082BB9DB020080E161 /* AnimeXTests */ = {
			isa = PBXNativeTarget;
			buildConfigurationList = A2DB1A202BB9DB020080E161 /* Build configuration list for PBXNativeTarget "AnimeXTests" */;
			buildPhases = (
				A2DB1A052BB9DB020080E161 /* Sources */,
				A2DB1A062BB9DB020080E161 /* Frameworks */,
				A2DB1A072BB9DB020080E161 /* Resources */,
			);
			buildRules = (
			);
			dependencies = (
				A2DB1A0B2BB9DB020080E161 /* PBXTargetDependency */,
			);
			name = AnimeXTests;
			productName = AnimeXTests;
			productReference = A2DB1A092BB9DB020080E161 /* AnimeXTests.xctest */;
			productType = "com.apple.product-type.bundle.unit-test";
		};
		A2DB1A122BB9DB020080E161 /* AnimeXUITests */ = {
			isa = PBXNativeTarget;
			buildConfigurationList = A2DB1A232BB9DB020080E161 /* Build configuration list for PBXNativeTarget "AnimeXUITests" */;
			buildPhases = (
				A2DB1A0F2BB9DB020080E161 /* Sources */,
				A2DB1A102BB9DB020080E161 /* Frameworks */,
				A2DB1A112BB9DB020080E161 /* Resources */,
			);
			buildRules = (
			);
			dependencies = (
				A2DB1A152BB9DB020080E161 /* PBXTargetDependency */,
			);
			name = AnimeXUITests;
			productName = AnimeXUITests;
			productReference = A2DB1A132BB9DB020080E161 /* AnimeXUITests.xctest */;
			productType = "com.apple.product-type.bundle.ui-testing";
		};
/* End PBXNativeTarget section */

/* Begin PBXProject section */
		A2DB19F12BB9DB010080E161 /* Project object */ = {
			isa = PBXProject;
			attributes = {
				BuildIndependentTargetsInParallel = 1;
				LastSwiftUpdateCheck = 1520;
				LastUpgradeCheck = 1520;
				TargetAttributes = {
					A2DB19F82BB9DB010080E161 = {
						CreatedOnToolsVersion = 15.2;
					};
					A2DB1A082BB9DB020080E161 = {
						CreatedOnToolsVersion = 15.2;
						TestTargetID = A2DB19F82BB9DB010080E161;
					};
					A2DB1A122BB9DB020080E161 = {
						CreatedOnToolsVersion = 15.2;
						TestTargetID = A2DB19F82BB9DB010080E161;
					};
				};
			};
			buildConfigurationList = A2DB19F42BB9DB010080E161 /* Build configuration list for PBXProject "AnimeX" */;
			compatibilityVersion = "Xcode 14.0";
			developmentRegion = en;
			hasScannedForEncodings = 0;
			knownRegions = (
				en,
				Base,
			);
			mainGroup = A2DB19F02BB9DB010080E161;
			packageReferences = (
				A2DB1A2C2BB9E58E0080E161 /* XCRemoteSwiftPackageReference "Parse-Swift" */,
				A2DB1A312BB9EB090080E161 /* XCRemoteSwiftPackageReference "Parse-SDK-iOS-OSX" */,
			);
			productRefGroup = A2DB19FA2BB9DB010080E161 /* Products */;
			projectDirPath = "";
			projectRoot = "";
			targets = (
				A2DB19F82BB9DB010080E161 /* AnimeX */,
				A2DB1A082BB9DB020080E161 /* AnimeXTests */,
				A2DB1A122BB9DB020080E161 /* AnimeXUITests */,
			);
		};
/* End PBXProject section */

/* Begin PBXResourcesBuildPhase section */
		A2DB19F72BB9DB010080E161 /* Resources */ = {
			isa = PBXResourcesBuildPhase;
			buildActionMask = 2147483647;
			files = (
				A2DB1A2B2BB9E4D30080E161 /* .gitignore in Resources */,
				A2DB1A272BB9E3FF0080E161 /* README.md in Resources */,
				A2DB1A042BB9DB020080E161 /* Preview Assets.xcassets in Resources */,
				A21BC10C2BC3312900C8946A /* Config in Resources */,
				A2DB1A012BB9DB020080E161 /* Assets.xcassets in Resources */,
			);
			runOnlyForDeploymentPostprocessing = 0;
		};
		A2DB1A072BB9DB020080E161 /* Resources */ = {
			isa = PBXResourcesBuildPhase;
			buildActionMask = 2147483647;
			files = (
			);
			runOnlyForDeploymentPostprocessing = 0;
		};
		A2DB1A112BB9DB020080E161 /* Resources */ = {
			isa = PBXResourcesBuildPhase;
			buildActionMask = 2147483647;
			files = (
			);
			runOnlyForDeploymentPostprocessing = 0;
		};
/* End PBXResourcesBuildPhase section */

/* Begin PBXSourcesBuildPhase section */
		A2DB19F52BB9DB010080E161 /* Sources */ = {
			isa = PBXSourcesBuildPhase;
			buildActionMask = 2147483647;
			files = (
				A2DB1A452BBA0B0A0080E161 /* Comment.swift in Sources */,
				A2DB1A552BBA3A710080E161 /* FeedView.swift in Sources */,
				A2DB1A6A2BBB62B70080E161 /* SignUpViewModel.swift in Sources */,
				A2DB1A512BBA1F780080E161 /* AuthManager.swift in Sources */,
				A2DB1A5D2BBB28EE0080E161 /* MainView.swift in Sources */,
				296547D32BC1CDA000753FFA /* Recommended.swift in Sources */,
				A2DB1A632BBB31540080E161 /* RecommendedView.swift in Sources */,
				8546CC102BC178F800673362 /* Popular.swift in Sources */,
				A2DB1A4D2BBA1EEC0080E161 /* LoginView.swift in Sources */,
				A21BC1012BC2174F00C8946A /* FeedViewModel.swift in Sources */,
				A2DB19FF2BB9DB010080E161 /* ContentView.swift in Sources */,
				A2DB19FD2BB9DB010080E161 /* AnimeXApp.swift in Sources */,
				A2DB1A682BBB5F2C0080E161 /* loginViewModel.swift in Sources */,
				A2DB1A412BBA07690080E161 /* User.swift in Sources */,
				A2DB1A592BBAE6FC0080E161 /* SignUpView.swift in Sources */,
				A2DB1A5F2BBB29290080E161 /* PopularView.swift in Sources */,
				A2DB1A612BBB30FD0080E161 /* PostView.swift in Sources */,
				A21BC1032BC2178B00C8946A /* UserFollow.swift in Sources */,
				A2DB1A652BBB32090080E161 /* ProfileView.swift in Sources */,
				A2DB1A432BBA082D0080E161 /* Post.swift in Sources */,
			);
			runOnlyForDeploymentPostprocessing = 0;
		};
		A2DB1A052BB9DB020080E161 /* Sources */ = {
			isa = PBXSourcesBuildPhase;
			buildActionMask = 2147483647;
			files = (
				A2DB1A562BBA3A710080E161 /* FeedView.swift in Sources */,
				A2DB1A522BBA1F780080E161 /* AuthManager.swift in Sources */,
				A2DB1A0E2BB9DB020080E161 /* AnimeXTests.swift in Sources */,
			);
			runOnlyForDeploymentPostprocessing = 0;
		};
		A2DB1A0F2BB9DB020080E161 /* Sources */ = {
			isa = PBXSourcesBuildPhase;
			buildActionMask = 2147483647;
			files = (
				A2DB1A1A2BB9DB020080E161 /* AnimeXUITestsLaunchTests.swift in Sources */,
				A2DB1A182BB9DB020080E161 /* AnimeXUITests.swift in Sources */,
				A2DB1A572BBA3A710080E161 /* FeedView.swift in Sources */,
				A2DB1A532BBA1F780080E161 /* AuthManager.swift in Sources */,
			);
			runOnlyForDeploymentPostprocessing = 0;
		};
/* End PBXSourcesBuildPhase section */

/* Begin PBXTargetDependency section */
		A2DB1A0B2BB9DB020080E161 /* PBXTargetDependency */ = {
			isa = PBXTargetDependency;
			target = A2DB19F82BB9DB010080E161 /* AnimeX */;
			targetProxy = A2DB1A0A2BB9DB020080E161 /* PBXContainerItemProxy */;
		};
		A2DB1A152BB9DB020080E161 /* PBXTargetDependency */ = {
			isa = PBXTargetDependency;
			target = A2DB19F82BB9DB010080E161 /* AnimeX */;
			targetProxy = A2DB1A142BB9DB020080E161 /* PBXContainerItemProxy */;
		};
/* End PBXTargetDependency section */

/* Begin XCBuildConfiguration section */
		A2DB1A1B2BB9DB020080E161 /* Debug */ = {
			isa = XCBuildConfiguration;
			buildSettings = {
				ALWAYS_SEARCH_USER_PATHS = NO;
				ASSETCATALOG_COMPILER_GENERATE_SWIFT_ASSET_SYMBOL_EXTENSIONS = YES;
				CLANG_ANALYZER_NONNULL = YES;
				CLANG_ANALYZER_NUMBER_OBJECT_CONVERSION = YES_AGGRESSIVE;
				CLANG_CXX_LANGUAGE_STANDARD = "gnu++20";
				CLANG_ENABLE_MODULES = YES;
				CLANG_ENABLE_OBJC_ARC = YES;
				CLANG_ENABLE_OBJC_WEAK = YES;
				CLANG_WARN_BLOCK_CAPTURE_AUTORELEASING = YES;
				CLANG_WARN_BOOL_CONVERSION = YES;
				CLANG_WARN_COMMA = YES;
				CLANG_WARN_CONSTANT_CONVERSION = YES;
				CLANG_WARN_DEPRECATED_OBJC_IMPLEMENTATIONS = YES;
				CLANG_WARN_DIRECT_OBJC_ISA_USAGE = YES_ERROR;
				CLANG_WARN_DOCUMENTATION_COMMENTS = YES;
				CLANG_WARN_EMPTY_BODY = YES;
				CLANG_WARN_ENUM_CONVERSION = YES;
				CLANG_WARN_INFINITE_RECURSION = YES;
				CLANG_WARN_INT_CONVERSION = YES;
				CLANG_WARN_NON_LITERAL_NULL_CONVERSION = YES;
				CLANG_WARN_OBJC_IMPLICIT_RETAIN_SELF = YES;
				CLANG_WARN_OBJC_LITERAL_CONVERSION = YES;
				CLANG_WARN_OBJC_ROOT_CLASS = YES_ERROR;
				CLANG_WARN_QUOTED_INCLUDE_IN_FRAMEWORK_HEADER = YES;
				CLANG_WARN_RANGE_LOOP_ANALYSIS = YES;
				CLANG_WARN_STRICT_PROTOTYPES = YES;
				CLANG_WARN_SUSPICIOUS_MOVE = YES;
				CLANG_WARN_UNGUARDED_AVAILABILITY = YES_AGGRESSIVE;
				CLANG_WARN_UNREACHABLE_CODE = YES;
				CLANG_WARN__DUPLICATE_METHOD_MATCH = YES;
				COPY_PHASE_STRIP = NO;
				DEBUG_INFORMATION_FORMAT = dwarf;
				ENABLE_STRICT_OBJC_MSGSEND = YES;
				ENABLE_TESTABILITY = YES;
				ENABLE_USER_SCRIPT_SANDBOXING = YES;
				GCC_C_LANGUAGE_STANDARD = gnu17;
				GCC_DYNAMIC_NO_PIC = NO;
				GCC_NO_COMMON_BLOCKS = YES;
				GCC_OPTIMIZATION_LEVEL = 0;
				GCC_PREPROCESSOR_DEFINITIONS = (
					"DEBUG=1",
					"$(inherited)",
				);
				GCC_WARN_64_TO_32_BIT_CONVERSION = YES;
				GCC_WARN_ABOUT_RETURN_TYPE = YES_ERROR;
				GCC_WARN_UNDECLARED_SELECTOR = YES;
				GCC_WARN_UNINITIALIZED_AUTOS = YES_AGGRESSIVE;
				GCC_WARN_UNUSED_FUNCTION = YES;
				GCC_WARN_UNUSED_VARIABLE = YES;
				IPHONEOS_DEPLOYMENT_TARGET = 17.2;
				LOCALIZATION_PREFERS_STRING_CATALOGS = YES;
				MTL_ENABLE_DEBUG_INFO = INCLUDE_SOURCE;
				MTL_FAST_MATH = YES;
				ONLY_ACTIVE_ARCH = YES;
				SDKROOT = iphoneos;
				SWIFT_ACTIVE_COMPILATION_CONDITIONS = "DEBUG $(inherited)";
				SWIFT_OPTIMIZATION_LEVEL = "-Onone";
			};
			name = Debug;
		};
		A2DB1A1C2BB9DB020080E161 /* Release */ = {
			isa = XCBuildConfiguration;
			buildSettings = {
				ALWAYS_SEARCH_USER_PATHS = NO;
				ASSETCATALOG_COMPILER_GENERATE_SWIFT_ASSET_SYMBOL_EXTENSIONS = YES;
				CLANG_ANALYZER_NONNULL = YES;
				CLANG_ANALYZER_NUMBER_OBJECT_CONVERSION = YES_AGGRESSIVE;
				CLANG_CXX_LANGUAGE_STANDARD = "gnu++20";
				CLANG_ENABLE_MODULES = YES;
				CLANG_ENABLE_OBJC_ARC = YES;
				CLANG_ENABLE_OBJC_WEAK = YES;
				CLANG_WARN_BLOCK_CAPTURE_AUTORELEASING = YES;
				CLANG_WARN_BOOL_CONVERSION = YES;
				CLANG_WARN_COMMA = YES;
				CLANG_WARN_CONSTANT_CONVERSION = YES;
				CLANG_WARN_DEPRECATED_OBJC_IMPLEMENTATIONS = YES;
				CLANG_WARN_DIRECT_OBJC_ISA_USAGE = YES_ERROR;
				CLANG_WARN_DOCUMENTATION_COMMENTS = YES;
				CLANG_WARN_EMPTY_BODY = YES;
				CLANG_WARN_ENUM_CONVERSION = YES;
				CLANG_WARN_INFINITE_RECURSION = YES;
				CLANG_WARN_INT_CONVERSION = YES;
				CLANG_WARN_NON_LITERAL_NULL_CONVERSION = YES;
				CLANG_WARN_OBJC_IMPLICIT_RETAIN_SELF = YES;
				CLANG_WARN_OBJC_LITERAL_CONVERSION = YES;
				CLANG_WARN_OBJC_ROOT_CLASS = YES_ERROR;
				CLANG_WARN_QUOTED_INCLUDE_IN_FRAMEWORK_HEADER = YES;
				CLANG_WARN_RANGE_LOOP_ANALYSIS = YES;
				CLANG_WARN_STRICT_PROTOTYPES = YES;
				CLANG_WARN_SUSPICIOUS_MOVE = YES;
				CLANG_WARN_UNGUARDED_AVAILABILITY = YES_AGGRESSIVE;
				CLANG_WARN_UNREACHABLE_CODE = YES;
				CLANG_WARN__DUPLICATE_METHOD_MATCH = YES;
				COPY_PHASE_STRIP = NO;
				DEBUG_INFORMATION_FORMAT = "dwarf-with-dsym";
				ENABLE_NS_ASSERTIONS = NO;
				ENABLE_STRICT_OBJC_MSGSEND = YES;
				ENABLE_USER_SCRIPT_SANDBOXING = YES;
				GCC_C_LANGUAGE_STANDARD = gnu17;
				GCC_NO_COMMON_BLOCKS = YES;
				GCC_WARN_64_TO_32_BIT_CONVERSION = YES;
				GCC_WARN_ABOUT_RETURN_TYPE = YES_ERROR;
				GCC_WARN_UNDECLARED_SELECTOR = YES;
				GCC_WARN_UNINITIALIZED_AUTOS = YES_AGGRESSIVE;
				GCC_WARN_UNUSED_FUNCTION = YES;
				GCC_WARN_UNUSED_VARIABLE = YES;
				IPHONEOS_DEPLOYMENT_TARGET = 17.2;
				LOCALIZATION_PREFERS_STRING_CATALOGS = YES;
				MTL_ENABLE_DEBUG_INFO = NO;
				MTL_FAST_MATH = YES;
				SDKROOT = iphoneos;
				SWIFT_COMPILATION_MODE = wholemodule;
				VALIDATE_PRODUCT = YES;
			};
			name = Release;
		};
		A2DB1A1E2BB9DB020080E161 /* Debug */ = {
			isa = XCBuildConfiguration;
			buildSettings = {
				ASSETCATALOG_COMPILER_APPICON_NAME = AppIcon;
				ASSETCATALOG_COMPILER_GLOBAL_ACCENT_COLOR_NAME = AccentColor;
				CODE_SIGN_STYLE = Automatic;
				CURRENT_PROJECT_VERSION = 1;
				DEVELOPMENT_ASSET_PATHS = "\"AnimeX/Preview Content\"";
				ENABLE_PREVIEWS = YES;
				GENERATE_INFOPLIST_FILE = YES;
				INFOPLIST_FILE = AnimeX/Info.plist;
				INFOPLIST_KEY_UIApplicationSceneManifest_Generation = YES;
				INFOPLIST_KEY_UIApplicationSupportsIndirectInputEvents = YES;
				INFOPLIST_KEY_UILaunchScreen_Generation = YES;
				INFOPLIST_KEY_UISupportedInterfaceOrientations_iPad = "UIInterfaceOrientationPortrait UIInterfaceOrientationPortraitUpsideDown UIInterfaceOrientationLandscapeLeft UIInterfaceOrientationLandscapeRight";
				INFOPLIST_KEY_UISupportedInterfaceOrientations_iPhone = "UIInterfaceOrientationPortrait UIInterfaceOrientationLandscapeLeft UIInterfaceOrientationLandscapeRight";
				LD_RUNPATH_SEARCH_PATHS = (
					"$(inherited)",
					"@executable_path/Frameworks",
				);
				MARKETING_VERSION = 1.0;
				PRODUCT_BUNDLE_IDENTIFIER = "Remote-Control-Allegators.AnimeX";
				PRODUCT_NAME = "$(TARGET_NAME)";
				SWIFT_EMIT_LOC_STRINGS = YES;
				SWIFT_VERSION = 5.0;
				TARGETED_DEVICE_FAMILY = "1,2";
			};
			name = Debug;
		};
		A2DB1A1F2BB9DB020080E161 /* Release */ = {
			isa = XCBuildConfiguration;
			buildSettings = {
				ASSETCATALOG_COMPILER_APPICON_NAME = AppIcon;
				ASSETCATALOG_COMPILER_GLOBAL_ACCENT_COLOR_NAME = AccentColor;
				CODE_SIGN_STYLE = Automatic;
				CURRENT_PROJECT_VERSION = 1;
				DEVELOPMENT_ASSET_PATHS = "\"AnimeX/Preview Content\"";
				ENABLE_PREVIEWS = YES;
				GENERATE_INFOPLIST_FILE = YES;
				INFOPLIST_FILE = AnimeX/Info.plist;
				INFOPLIST_KEY_UIApplicationSceneManifest_Generation = YES;
				INFOPLIST_KEY_UIApplicationSupportsIndirectInputEvents = YES;
				INFOPLIST_KEY_UILaunchScreen_Generation = YES;
				INFOPLIST_KEY_UISupportedInterfaceOrientations_iPad = "UIInterfaceOrientationPortrait UIInterfaceOrientationPortraitUpsideDown UIInterfaceOrientationLandscapeLeft UIInterfaceOrientationLandscapeRight";
				INFOPLIST_KEY_UISupportedInterfaceOrientations_iPhone = "UIInterfaceOrientationPortrait UIInterfaceOrientationLandscapeLeft UIInterfaceOrientationLandscapeRight";
				LD_RUNPATH_SEARCH_PATHS = (
					"$(inherited)",
					"@executable_path/Frameworks",
				);
				MARKETING_VERSION = 1.0;
				PRODUCT_BUNDLE_IDENTIFIER = "Remote-Control-Allegators.AnimeX";
				PRODUCT_NAME = "$(TARGET_NAME)";
				SWIFT_EMIT_LOC_STRINGS = YES;
				SWIFT_VERSION = 5.0;
				TARGETED_DEVICE_FAMILY = "1,2";
			};
			name = Release;
		};
		A2DB1A212BB9DB020080E161 /* Debug */ = {
			isa = XCBuildConfiguration;
			buildSettings = {
				ALWAYS_EMBED_SWIFT_STANDARD_LIBRARIES = YES;
				BUNDLE_LOADER = "$(TEST_HOST)";
				CODE_SIGN_STYLE = Automatic;
				CURRENT_PROJECT_VERSION = 1;
				GENERATE_INFOPLIST_FILE = YES;
				IPHONEOS_DEPLOYMENT_TARGET = 17.2;
				MARKETING_VERSION = 1.0;
				PRODUCT_BUNDLE_IDENTIFIER = "Remote-Control-Allegators.AnimeXTests";
				PRODUCT_NAME = "$(TARGET_NAME)";
				SWIFT_EMIT_LOC_STRINGS = NO;
				SWIFT_VERSION = 5.0;
				TARGETED_DEVICE_FAMILY = "1,2";
				TEST_HOST = "$(BUILT_PRODUCTS_DIR)/AnimeX.app/$(BUNDLE_EXECUTABLE_FOLDER_PATH)/AnimeX";
			};
			name = Debug;
		};
		A2DB1A222BB9DB020080E161 /* Release */ = {
			isa = XCBuildConfiguration;
			buildSettings = {
				ALWAYS_EMBED_SWIFT_STANDARD_LIBRARIES = YES;
				BUNDLE_LOADER = "$(TEST_HOST)";
				CODE_SIGN_STYLE = Automatic;
				CURRENT_PROJECT_VERSION = 1;
				GENERATE_INFOPLIST_FILE = YES;
				IPHONEOS_DEPLOYMENT_TARGET = 17.2;
				MARKETING_VERSION = 1.0;
				PRODUCT_BUNDLE_IDENTIFIER = "Remote-Control-Allegators.AnimeXTests";
				PRODUCT_NAME = "$(TARGET_NAME)";
				SWIFT_EMIT_LOC_STRINGS = NO;
				SWIFT_VERSION = 5.0;
				TARGETED_DEVICE_FAMILY = "1,2";
				TEST_HOST = "$(BUILT_PRODUCTS_DIR)/AnimeX.app/$(BUNDLE_EXECUTABLE_FOLDER_PATH)/AnimeX";
			};
			name = Release;
		};
		A2DB1A242BB9DB020080E161 /* Debug */ = {
			isa = XCBuildConfiguration;
			buildSettings = {
				ALWAYS_EMBED_SWIFT_STANDARD_LIBRARIES = YES;
				CODE_SIGN_STYLE = Automatic;
				CURRENT_PROJECT_VERSION = 1;
				GENERATE_INFOPLIST_FILE = YES;
				MARKETING_VERSION = 1.0;
				PRODUCT_BUNDLE_IDENTIFIER = "Remote-Control-Allegators.AnimeXUITests";
				PRODUCT_NAME = "$(TARGET_NAME)";
				SWIFT_EMIT_LOC_STRINGS = NO;
				SWIFT_VERSION = 5.0;
				TARGETED_DEVICE_FAMILY = "1,2";
				TEST_TARGET_NAME = AnimeX;
			};
			name = Debug;
		};
		A2DB1A252BB9DB020080E161 /* Release */ = {
			isa = XCBuildConfiguration;
			buildSettings = {
				ALWAYS_EMBED_SWIFT_STANDARD_LIBRARIES = YES;
				CODE_SIGN_STYLE = Automatic;
				CURRENT_PROJECT_VERSION = 1;
				GENERATE_INFOPLIST_FILE = YES;
				MARKETING_VERSION = 1.0;
				PRODUCT_BUNDLE_IDENTIFIER = "Remote-Control-Allegators.AnimeXUITests";
				PRODUCT_NAME = "$(TARGET_NAME)";
				SWIFT_EMIT_LOC_STRINGS = NO;
				SWIFT_VERSION = 5.0;
				TARGETED_DEVICE_FAMILY = "1,2";
				TEST_TARGET_NAME = AnimeX;
			};
			name = Release;
		};
/* End XCBuildConfiguration section */

/* Begin XCConfigurationList section */
		A2DB19F42BB9DB010080E161 /* Build configuration list for PBXProject "AnimeX" */ = {
			isa = XCConfigurationList;
			buildConfigurations = (
				A2DB1A1B2BB9DB020080E161 /* Debug */,
				A2DB1A1C2BB9DB020080E161 /* Release */,
			);
			defaultConfigurationIsVisible = 0;
			defaultConfigurationName = Release;
		};
		A2DB1A1D2BB9DB020080E161 /* Build configuration list for PBXNativeTarget "AnimeX" */ = {
			isa = XCConfigurationList;
			buildConfigurations = (
				A2DB1A1E2BB9DB020080E161 /* Debug */,
				A2DB1A1F2BB9DB020080E161 /* Release */,
			);
			defaultConfigurationIsVisible = 0;
			defaultConfigurationName = Release;
		};
		A2DB1A202BB9DB020080E161 /* Build configuration list for PBXNativeTarget "AnimeXTests" */ = {
			isa = XCConfigurationList;
			buildConfigurations = (
				A2DB1A212BB9DB020080E161 /* Debug */,
				A2DB1A222BB9DB020080E161 /* Release */,
			);
			defaultConfigurationIsVisible = 0;
			defaultConfigurationName = Release;
		};
		A2DB1A232BB9DB020080E161 /* Build configuration list for PBXNativeTarget "AnimeXUITests" */ = {
			isa = XCConfigurationList;
			buildConfigurations = (
				A2DB1A242BB9DB020080E161 /* Debug */,
				A2DB1A252BB9DB020080E161 /* Release */,
			);
			defaultConfigurationIsVisible = 0;
			defaultConfigurationName = Release;
		};
/* End XCConfigurationList section */

/* Begin XCRemoteSwiftPackageReference section */
		A2DB1A2C2BB9E58E0080E161 /* XCRemoteSwiftPackageReference "Parse-Swift" */ = {
			isa = XCRemoteSwiftPackageReference;
			repositoryURL = "https://github.com/parse-community/Parse-Swift.git";
			requirement = {
				kind = upToNextMajorVersion;
				minimumVersion = 4.14.2;
			};
		};
		A2DB1A312BB9EB090080E161 /* XCRemoteSwiftPackageReference "Parse-SDK-iOS-OSX" */ = {
			isa = XCRemoteSwiftPackageReference;
			repositoryURL = "https://github.com/parse-community/Parse-SDK-iOS-OSX";
			requirement = {
				kind = upToNextMajorVersion;
				minimumVersion = 2.7.3;
			};
		};
/* End XCRemoteSwiftPackageReference section */

/* Begin XCSwiftPackageProductDependency section */
		A2DB1A2D2BB9E58F0080E161 /* ParseSwift */ = {
			isa = XCSwiftPackageProductDependency;
			package = A2DB1A2C2BB9E58E0080E161 /* XCRemoteSwiftPackageReference "Parse-Swift" */;
			productName = ParseSwift;
		};
		A2DB1A322BB9EB090080E161 /* ParseFacebookUtilsiOS */ = {
			isa = XCSwiftPackageProductDependency;
			package = A2DB1A312BB9EB090080E161 /* XCRemoteSwiftPackageReference "Parse-SDK-iOS-OSX" */;
			productName = ParseFacebookUtilsiOS;
		};
		A2DB1A342BB9EB090080E161 /* ParseLiveQuery */ = {
			isa = XCSwiftPackageProductDependency;
			package = A2DB1A312BB9EB090080E161 /* XCRemoteSwiftPackageReference "Parse-SDK-iOS-OSX" */;
			productName = ParseLiveQuery;
		};
/* End XCSwiftPackageProductDependency section */
	};
	rootObject = A2DB19F12BB9DB010080E161 /* Project object */;
}
